// !$*UTF8*$!
{
	archiveVersion = 1;
	classes = {
	};
	objectVersion = 56;
	objects = {

/* Begin PBXBuildFile section */
		02EF07162B72BF43009EADB3 /* HomeView.swift in Sources */ = {isa = PBXBuildFile; fileRef = 02EF07152B72BF43009EADB3 /* HomeView.swift */; };
		02EF07182B72BF47009EADB3 /* Assets.xcassets in Resources */ = {isa = PBXBuildFile; fileRef = 02EF07172B72BF47009EADB3 /* Assets.xcassets */; };
		02EF071B2B72BF47009EADB3 /* Preview Assets.xcassets in Resources */ = {isa = PBXBuildFile; fileRef = 02EF071A2B72BF47009EADB3 /* Preview Assets.xcassets */; };
		02EF07252B72BF47009EADB3 /* Homecare_FrontTests.swift in Sources */ = {isa = PBXBuildFile; fileRef = 02EF07242B72BF47009EADB3 /* Homecare_FrontTests.swift */; };
		02EF072F2B72BF47009EADB3 /* Homecare_FrontUITests.swift in Sources */ = {isa = PBXBuildFile; fileRef = 02EF072E2B72BF47009EADB3 /* Homecare_FrontUITests.swift */; };
		02EF07312B72BF47009EADB3 /* Homecare_FrontUITestsLaunchTests.swift in Sources */ = {isa = PBXBuildFile; fileRef = 02EF07302B72BF47009EADB3 /* Homecare_FrontUITestsLaunchTests.swift */; };
		48E7DEFD2B72FBF100A6767A /* ImagePicker.swift in Sources */ = {isa = PBXBuildFile; fileRef = 48E7DEFC2B72FBF100A6767A /* ImagePicker.swift */; };
		48E7DEFF2B72FC2100A6767A /* ZoomableScrollView.swift in Sources */ = {isa = PBXBuildFile; fileRef = 48E7DEFE2B72FC2100A6767A /* ZoomableScrollView.swift */; };
		48E7DF072B72FED200A6767A /* MainHomecareApp.swift in Sources */ = {isa = PBXBuildFile; fileRef = 48E7DF062B72FED200A6767A /* MainHomecareApp.swift */; };
		48E7DF092B73015900A6767A /* ToolBar.swift in Sources */ = {isa = PBXBuildFile; fileRef = 48E7DF082B73015900A6767A /* ToolBar.swift */; };
/* End PBXBuildFile section */

/* Begin PBXContainerItemProxy section */
		02EF07212B72BF47009EADB3 /* PBXContainerItemProxy */ = {
			isa = PBXContainerItemProxy;
			containerPortal = 02EF07082B72BF43009EADB3 /* Project object */;
			proxyType = 1;
			remoteGlobalIDString = 02EF070F2B72BF43009EADB3;
			remoteInfo = "Homecare-Front";
		};
		02EF072B2B72BF47009EADB3 /* PBXContainerItemProxy */ = {
			isa = PBXContainerItemProxy;
			containerPortal = 02EF07082B72BF43009EADB3 /* Project object */;
			proxyType = 1;
			remoteGlobalIDString = 02EF070F2B72BF43009EADB3;
			remoteInfo = "Homecare-Front";
		};
/* End PBXContainerItemProxy section */

/* Begin PBXFileReference section */
		02EF07102B72BF43009EADB3 /* Homecare-Front.app */ = {isa = PBXFileReference; explicitFileType = wrapper.application; includeInIndex = 0; path = "Homecare-Front.app"; sourceTree = BUILT_PRODUCTS_DIR; };
		02EF07152B72BF43009EADB3 /* HomeView.swift */ = {isa = PBXFileReference; lastKnownFileType = sourcecode.swift; path = HomeView.swift; sourceTree = "<group>"; };
		02EF07172B72BF47009EADB3 /* Assets.xcassets */ = {isa = PBXFileReference; lastKnownFileType = folder.assetcatalog; path = Assets.xcassets; sourceTree = "<group>"; };
		02EF071A2B72BF47009EADB3 /* Preview Assets.xcassets */ = {isa = PBXFileReference; lastKnownFileType = folder.assetcatalog; path = "Preview Assets.xcassets"; sourceTree = "<group>"; };
		02EF07202B72BF47009EADB3 /* Homecare-FrontTests.xctest */ = {isa = PBXFileReference; explicitFileType = wrapper.cfbundle; includeInIndex = 0; path = "Homecare-FrontTests.xctest"; sourceTree = BUILT_PRODUCTS_DIR; };
		02EF07242B72BF47009EADB3 /* Homecare_FrontTests.swift */ = {isa = PBXFileReference; lastKnownFileType = sourcecode.swift; path = Homecare_FrontTests.swift; sourceTree = "<group>"; };
		02EF072A2B72BF47009EADB3 /* Homecare-FrontUITests.xctest */ = {isa = PBXFileReference; explicitFileType = wrapper.cfbundle; includeInIndex = 0; path = "Homecare-FrontUITests.xctest"; sourceTree = BUILT_PRODUCTS_DIR; };
		02EF072E2B72BF47009EADB3 /* Homecare_FrontUITests.swift */ = {isa = PBXFileReference; lastKnownFileType = sourcecode.swift; path = Homecare_FrontUITests.swift; sourceTree = "<group>"; };
		02EF07302B72BF47009EADB3 /* Homecare_FrontUITestsLaunchTests.swift */ = {isa = PBXFileReference; lastKnownFileType = sourcecode.swift; path = Homecare_FrontUITestsLaunchTests.swift; sourceTree = "<group>"; };
		48E7DEFC2B72FBF100A6767A /* ImagePicker.swift */ = {isa = PBXFileReference; lastKnownFileType = sourcecode.swift; path = ImagePicker.swift; sourceTree = "<group>"; };
		48E7DEFE2B72FC2100A6767A /* ZoomableScrollView.swift */ = {isa = PBXFileReference; lastKnownFileType = sourcecode.swift; path = ZoomableScrollView.swift; sourceTree = "<group>"; };
		48E7DF062B72FED200A6767A /* MainHomecareApp.swift */ = {isa = PBXFileReference; lastKnownFileType = sourcecode.swift; path = MainHomecareApp.swift; sourceTree = "<group>"; };
		48E7DF082B73015900A6767A /* ToolBar.swift */ = {isa = PBXFileReference; lastKnownFileType = sourcecode.swift; path = ToolBar.swift; sourceTree = "<group>"; };
/* End PBXFileReference section */

/* Begin PBXFrameworksBuildPhase section */
		02EF070D2B72BF43009EADB3 /* Frameworks */ = {
			isa = PBXFrameworksBuildPhase;
			buildActionMask = 2147483647;
			files = (
			);
			runOnlyForDeploymentPostprocessing = 0;
		};
		02EF071D2B72BF47009EADB3 /* Frameworks */ = {
			isa = PBXFrameworksBuildPhase;
			buildActionMask = 2147483647;
			files = (
			);
			runOnlyForDeploymentPostprocessing = 0;
		};
		02EF07272B72BF47009EADB3 /* Frameworks */ = {
			isa = PBXFrameworksBuildPhase;
			buildActionMask = 2147483647;
			files = (
			);
			runOnlyForDeploymentPostprocessing = 0;
		};
/* End PBXFrameworksBuildPhase section */

/* Begin PBXGroup section */
		02EF07072B72BF43009EADB3 = {
			isa = PBXGroup;
			children = (
				48E7DF002B72FC5100A6767A /* MLModels */,
				02EF07122B72BF43009EADB3 /* Homecare-Front */,
				02EF07232B72BF47009EADB3 /* Homecare-FrontTests */,
				02EF072D2B72BF47009EADB3 /* Homecare-FrontUITests */,
				02EF07112B72BF43009EADB3 /* Products */,
			);
			sourceTree = "<group>";
		};
		02EF07112B72BF43009EADB3 /* Products */ = {
			isa = PBXGroup;
			children = (
				02EF07102B72BF43009EADB3 /* Homecare-Front.app */,
				02EF07202B72BF47009EADB3 /* Homecare-FrontTests.xctest */,
				02EF072A2B72BF47009EADB3 /* Homecare-FrontUITests.xctest */,
			);
			name = Products;
			sourceTree = "<group>";
		};
		02EF07122B72BF43009EADB3 /* Homecare-Front */ = {
			isa = PBXGroup;
			children = (
				48E7DF052B72FD9700A6767A /* Views */,
				48E7DF012B72FC8600A6767A /* Network */,
				48E7DEFB2B72FBA300A6767A /* Camera */,
				02EF07172B72BF47009EADB3 /* Assets.xcassets */,
				02EF07192B72BF47009EADB3 /* Preview Content */,
				48E7DF062B72FED200A6767A /* MainHomecareApp.swift */,
			);
			path = "Homecare-Front";
			sourceTree = "<group>";
		};
		02EF07192B72BF47009EADB3 /* Preview Content */ = {
			isa = PBXGroup;
			children = (
				02EF071A2B72BF47009EADB3 /* Preview Assets.xcassets */,
			);
			path = "Preview Content";
			sourceTree = "<group>";
		};
		02EF07232B72BF47009EADB3 /* Homecare-FrontTests */ = {
			isa = PBXGroup;
			children = (
				02EF07242B72BF47009EADB3 /* Homecare_FrontTests.swift */,
			);
			path = "Homecare-FrontTests";
			sourceTree = "<group>";
		};
		02EF072D2B72BF47009EADB3 /* Homecare-FrontUITests */ = {
			isa = PBXGroup;
			children = (
				02EF072E2B72BF47009EADB3 /* Homecare_FrontUITests.swift */,
				02EF07302B72BF47009EADB3 /* Homecare_FrontUITestsLaunchTests.swift */,
			);
			path = "Homecare-FrontUITests";
			sourceTree = "<group>";
		};
		48E7DEFB2B72FBA300A6767A /* Camera */ = {
			isa = PBXGroup;
			children = (
				48E7DEFC2B72FBF100A6767A /* ImagePicker.swift */,
				48E7DEFE2B72FC2100A6767A /* ZoomableScrollView.swift */,
			);
			path = Camera;
			sourceTree = "<group>";
		};
		48E7DF002B72FC5100A6767A /* MLModels */ = {
			isa = PBXGroup;
			children = (
			);
			path = MLModels;
			sourceTree = "<group>";
		};
		48E7DF012B72FC8600A6767A /* Network */ = {
			isa = PBXGroup;
			children = (
			);
			path = Network;
			sourceTree = "<group>";
		};
		48E7DF032B72FD5A00A6767A /* HomeDashboard */ = {
			isa = PBXGroup;
			children = (
				02EF07152B72BF43009EADB3 /* HomeView.swift */,
			);
			path = HomeDashboard;
			sourceTree = "<group>";
		};
		48E7DF042B72FD7700A6767A /* ToolBar */ = {
			isa = PBXGroup;
			children = (
				48E7DF082B73015900A6767A /* ToolBar.swift */,
			);
			path = ToolBar;
			sourceTree = "<group>";
		};
		48E7DF052B72FD9700A6767A /* Views */ = {
			isa = PBXGroup;
			children = (
				48E7DF042B72FD7700A6767A /* ToolBar */,
				48E7DF032B72FD5A00A6767A /* HomeDashboard */,
			);
			path = Views;
			sourceTree = "<group>";
		};
/* End PBXGroup section */

/* Begin PBXNativeTarget section */
		02EF070F2B72BF43009EADB3 /* Homecare-Front */ = {
			isa = PBXNativeTarget;
			buildConfigurationList = 02EF07342B72BF47009EADB3 /* Build configuration list for PBXNativeTarget "Homecare-Front" */;
			buildPhases = (
				02EF070C2B72BF43009EADB3 /* Sources */,
				02EF070D2B72BF43009EADB3 /* Frameworks */,
				02EF070E2B72BF43009EADB3 /* Resources */,
			);
			buildRules = (
			);
			dependencies = (
			);
			name = "Homecare-Front";
			productName = "Homecare-Front";
			productReference = 02EF07102B72BF43009EADB3 /* Homecare-Front.app */;
			productType = "com.apple.product-type.application";
		};
		02EF071F2B72BF47009EADB3 /* Homecare-FrontTests */ = {
			isa = PBXNativeTarget;
			buildConfigurationList = 02EF07372B72BF47009EADB3 /* Build configuration list for PBXNativeTarget "Homecare-FrontTests" */;
			buildPhases = (
				02EF071C2B72BF47009EADB3 /* Sources */,
				02EF071D2B72BF47009EADB3 /* Frameworks */,
				02EF071E2B72BF47009EADB3 /* Resources */,
			);
			buildRules = (
			);
			dependencies = (
				02EF07222B72BF47009EADB3 /* PBXTargetDependency */,
			);
			name = "Homecare-FrontTests";
			productName = "Homecare-FrontTests";
			productReference = 02EF07202B72BF47009EADB3 /* Homecare-FrontTests.xctest */;
			productType = "com.apple.product-type.bundle.unit-test";
		};
		02EF07292B72BF47009EADB3 /* Homecare-FrontUITests */ = {
			isa = PBXNativeTarget;
			buildConfigurationList = 02EF073A2B72BF47009EADB3 /* Build configuration list for PBXNativeTarget "Homecare-FrontUITests" */;
			buildPhases = (
				02EF07262B72BF47009EADB3 /* Sources */,
				02EF07272B72BF47009EADB3 /* Frameworks */,
				02EF07282B72BF47009EADB3 /* Resources */,
			);
			buildRules = (
			);
			dependencies = (
				02EF072C2B72BF47009EADB3 /* PBXTargetDependency */,
			);
			name = "Homecare-FrontUITests";
			productName = "Homecare-FrontUITests";
			productReference = 02EF072A2B72BF47009EADB3 /* Homecare-FrontUITests.xctest */;
			productType = "com.apple.product-type.bundle.ui-testing";
		};
/* End PBXNativeTarget section */

/* Begin PBXProject section */
		02EF07082B72BF43009EADB3 /* Project object */ = {
			isa = PBXProject;
			attributes = {
				BuildIndependentTargetsInParallel = 1;
				LastSwiftUpdateCheck = 1520;
				LastUpgradeCheck = 1520;
				TargetAttributes = {
					02EF070F2B72BF43009EADB3 = {
						CreatedOnToolsVersion = 15.2;
					};
					02EF071F2B72BF47009EADB3 = {
						CreatedOnToolsVersion = 15.2;
						TestTargetID = 02EF070F2B72BF43009EADB3;
					};
					02EF07292B72BF47009EADB3 = {
						CreatedOnToolsVersion = 15.2;
						TestTargetID = 02EF070F2B72BF43009EADB3;
					};
				};
			};
			buildConfigurationList = 02EF070B2B72BF43009EADB3 /* Build configuration list for PBXProject "Homecare-Front" */;
			compatibilityVersion = "Xcode 14.0";
			developmentRegion = en;
			hasScannedForEncodings = 0;
			knownRegions = (
				en,
				Base,
			);
			mainGroup = 02EF07072B72BF43009EADB3;
			productRefGroup = 02EF07112B72BF43009EADB3 /* Products */;
			projectDirPath = "";
			projectRoot = "";
			targets = (
				02EF070F2B72BF43009EADB3 /* Homecare-Front */,
				02EF071F2B72BF47009EADB3 /* Homecare-FrontTests */,
				02EF07292B72BF47009EADB3 /* Homecare-FrontUITests */,
			);
		};
/* End PBXProject section */

/* Begin PBXResourcesBuildPhase section */
		02EF070E2B72BF43009EADB3 /* Resources */ = {
			isa = PBXResourcesBuildPhase;
			buildActionMask = 2147483647;
			files = (
				02EF071B2B72BF47009EADB3 /* Preview Assets.xcassets in Resources */,
				02EF07182B72BF47009EADB3 /* Assets.xcassets in Resources */,
			);
			runOnlyForDeploymentPostprocessing = 0;
		};
		02EF071E2B72BF47009EADB3 /* Resources */ = {
			isa = PBXResourcesBuildPhase;
			buildActionMask = 2147483647;
			files = (
			);
			runOnlyForDeploymentPostprocessing = 0;
		};
		02EF07282B72BF47009EADB3 /* Resources */ = {
			isa = PBXResourcesBuildPhase;
			buildActionMask = 2147483647;
			files = (
			);
			runOnlyForDeploymentPostprocessing = 0;
		};
/* End PBXResourcesBuildPhase section */

/* Begin PBXSourcesBuildPhase section */
		02EF070C2B72BF43009EADB3 /* Sources */ = {
			isa = PBXSourcesBuildPhase;
			buildActionMask = 2147483647;
			files = (
				48E7DEFD2B72FBF100A6767A /* ImagePicker.swift in Sources */,
				02EF07162B72BF43009EADB3 /* HomeView.swift in Sources */,
				48E7DF092B73015900A6767A /* ToolBar.swift in Sources */,
				48E7DF072B72FED200A6767A /* MainHomecareApp.swift in Sources */,
				48E7DEFF2B72FC2100A6767A /* ZoomableScrollView.swift in Sources */,
			);
			runOnlyForDeploymentPostprocessing = 0;
		};
		02EF071C2B72BF47009EADB3 /* Sources */ = {
			isa = PBXSourcesBuildPhase;
			buildActionMask = 2147483647;
			files = (
				02EF07252B72BF47009EADB3 /* Homecare_FrontTests.swift in Sources */,
			);
			runOnlyForDeploymentPostprocessing = 0;
		};
		02EF07262B72BF47009EADB3 /* Sources */ = {
			isa = PBXSourcesBuildPhase;
			buildActionMask = 2147483647;
			files = (
				02EF07312B72BF47009EADB3 /* Homecare_FrontUITestsLaunchTests.swift in Sources */,
				02EF072F2B72BF47009EADB3 /* Homecare_FrontUITests.swift in Sources */,
			);
			runOnlyForDeploymentPostprocessing = 0;
		};
/* End PBXSourcesBuildPhase section */

/* Begin PBXTargetDependency section */
		02EF07222B72BF47009EADB3 /* PBXTargetDependency */ = {
			isa = PBXTargetDependency;
			target = 02EF070F2B72BF43009EADB3 /* Homecare-Front */;
			targetProxy = 02EF07212B72BF47009EADB3 /* PBXContainerItemProxy */;
		};
		02EF072C2B72BF47009EADB3 /* PBXTargetDependency */ = {
			isa = PBXTargetDependency;
			target = 02EF070F2B72BF43009EADB3 /* Homecare-Front */;
			targetProxy = 02EF072B2B72BF47009EADB3 /* PBXContainerItemProxy */;
		};
/* End PBXTargetDependency section */

/* Begin XCBuildConfiguration section */
		02EF07322B72BF47009EADB3 /* Debug */ = {
			isa = XCBuildConfiguration;
			buildSettings = {
				ALWAYS_SEARCH_USER_PATHS = NO;
				ASSETCATALOG_COMPILER_GENERATE_SWIFT_ASSET_SYMBOL_EXTENSIONS = YES;
				CLANG_ANALYZER_NONNULL = YES;
				CLANG_ANALYZER_NUMBER_OBJECT_CONVERSION = YES_AGGRESSIVE;
				CLANG_CXX_LANGUAGE_STANDARD = "gnu++20";
				CLANG_ENABLE_MODULES = YES;
				CLANG_ENABLE_OBJC_ARC = YES;
				CLANG_ENABLE_OBJC_WEAK = YES;
				CLANG_WARN_BLOCK_CAPTURE_AUTORELEASING = YES;
				CLANG_WARN_BOOL_CONVERSION = YES;
				CLANG_WARN_COMMA = YES;
				CLANG_WARN_CONSTANT_CONVERSION = YES;
				CLANG_WARN_DEPRECATED_OBJC_IMPLEMENTATIONS = YES;
				CLANG_WARN_DIRECT_OBJC_ISA_USAGE = YES_ERROR;
				CLANG_WARN_DOCUMENTATION_COMMENTS = YES;
				CLANG_WARN_EMPTY_BODY = YES;
				CLANG_WARN_ENUM_CONVERSION = YES;
				CLANG_WARN_INFINITE_RECURSION = YES;
				CLANG_WARN_INT_CONVERSION = YES;
				CLANG_WARN_NON_LITERAL_NULL_CONVERSION = YES;
				CLANG_WARN_OBJC_IMPLICIT_RETAIN_SELF = YES;
				CLANG_WARN_OBJC_LITERAL_CONVERSION = YES;
				CLANG_WARN_OBJC_ROOT_CLASS = YES_ERROR;
				CLANG_WARN_QUOTED_INCLUDE_IN_FRAMEWORK_HEADER = YES;
				CLANG_WARN_RANGE_LOOP_ANALYSIS = YES;
				CLANG_WARN_STRICT_PROTOTYPES = YES;
				CLANG_WARN_SUSPICIOUS_MOVE = YES;
				CLANG_WARN_UNGUARDED_AVAILABILITY = YES_AGGRESSIVE;
				CLANG_WARN_UNREACHABLE_CODE = YES;
				CLANG_WARN__DUPLICATE_METHOD_MATCH = YES;
				COPY_PHASE_STRIP = NO;
				DEBUG_INFORMATION_FORMAT = dwarf;
				ENABLE_STRICT_OBJC_MSGSEND = YES;
				ENABLE_TESTABILITY = YES;
				ENABLE_USER_SCRIPT_SANDBOXING = YES;
				GCC_C_LANGUAGE_STANDARD = gnu17;
				GCC_DYNAMIC_NO_PIC = NO;
				GCC_NO_COMMON_BLOCKS = YES;
				GCC_OPTIMIZATION_LEVEL = 0;
				GCC_PREPROCESSOR_DEFINITIONS = (
					"DEBUG=1",
					"$(inherited)",
				);
				GCC_WARN_64_TO_32_BIT_CONVERSION = YES;
				GCC_WARN_ABOUT_RETURN_TYPE = YES_ERROR;
				GCC_WARN_UNDECLARED_SELECTOR = YES;
				GCC_WARN_UNINITIALIZED_AUTOS = YES_AGGRESSIVE;
				GCC_WARN_UNUSED_FUNCTION = YES;
				GCC_WARN_UNUSED_VARIABLE = YES;
				IPHONEOS_DEPLOYMENT_TARGET = 17.2;
				LOCALIZATION_PREFERS_STRING_CATALOGS = YES;
				MTL_ENABLE_DEBUG_INFO = INCLUDE_SOURCE;
				MTL_FAST_MATH = YES;
				ONLY_ACTIVE_ARCH = YES;
				SDKROOT = iphoneos;
				SWIFT_ACTIVE_COMPILATION_CONDITIONS = "DEBUG $(inherited)";
				SWIFT_OPTIMIZATION_LEVEL = "-Onone";
			};
			name = Debug;
		};
		02EF07332B72BF47009EADB3 /* Release */ = {
			isa = XCBuildConfiguration;
			buildSettings = {
				ALWAYS_SEARCH_USER_PATHS = NO;
				ASSETCATALOG_COMPILER_GENERATE_SWIFT_ASSET_SYMBOL_EXTENSIONS = YES;
				CLANG_ANALYZER_NONNULL = YES;
				CLANG_ANALYZER_NUMBER_OBJECT_CONVERSION = YES_AGGRESSIVE;
				CLANG_CXX_LANGUAGE_STANDARD = "gnu++20";
				CLANG_ENABLE_MODULES = YES;
				CLANG_ENABLE_OBJC_ARC = YES;
				CLANG_ENABLE_OBJC_WEAK = YES;
				CLANG_WARN_BLOCK_CAPTURE_AUTORELEASING = YES;
				CLANG_WARN_BOOL_CONVERSION = YES;
				CLANG_WARN_COMMA = YES;
				CLANG_WARN_CONSTANT_CONVERSION = YES;
				CLANG_WARN_DEPRECATED_OBJC_IMPLEMENTATIONS = YES;
				CLANG_WARN_DIRECT_OBJC_ISA_USAGE = YES_ERROR;
				CLANG_WARN_DOCUMENTATION_COMMENTS = YES;
				CLANG_WARN_EMPTY_BODY = YES;
				CLANG_WARN_ENUM_CONVERSION = YES;
				CLANG_WARN_INFINITE_RECURSION = YES;
				CLANG_WARN_INT_CONVERSION = YES;
				CLANG_WARN_NON_LITERAL_NULL_CONVERSION = YES;
				CLANG_WARN_OBJC_IMPLICIT_RETAIN_SELF = YES;
				CLANG_WARN_OBJC_LITERAL_CONVERSION = YES;
				CLANG_WARN_OBJC_ROOT_CLASS = YES_ERROR;
				CLANG_WARN_QUOTED_INCLUDE_IN_FRAMEWORK_HEADER = YES;
				CLANG_WARN_RANGE_LOOP_ANALYSIS = YES;
				CLANG_WARN_STRICT_PROTOTYPES = YES;
				CLANG_WARN_SUSPICIOUS_MOVE = YES;
				CLANG_WARN_UNGUARDED_AVAILABILITY = YES_AGGRESSIVE;
				CLANG_WARN_UNREACHABLE_CODE = YES;
				CLANG_WARN__DUPLICATE_METHOD_MATCH = YES;
				COPY_PHASE_STRIP = NO;
				DEBUG_INFORMATION_FORMAT = "dwarf-with-dsym";
				ENABLE_NS_ASSERTIONS = NO;
				ENABLE_STRICT_OBJC_MSGSEND = YES;
				ENABLE_USER_SCRIPT_SANDBOXING = YES;
				GCC_C_LANGUAGE_STANDARD = gnu17;
				GCC_NO_COMMON_BLOCKS = YES;
				GCC_WARN_64_TO_32_BIT_CONVERSION = YES;
				GCC_WARN_ABOUT_RETURN_TYPE = YES_ERROR;
				GCC_WARN_UNDECLARED_SELECTOR = YES;
				GCC_WARN_UNINITIALIZED_AUTOS = YES_AGGRESSIVE;
				GCC_WARN_UNUSED_FUNCTION = YES;
				GCC_WARN_UNUSED_VARIABLE = YES;
				IPHONEOS_DEPLOYMENT_TARGET = 17.2;
				LOCALIZATION_PREFERS_STRING_CATALOGS = YES;
				MTL_ENABLE_DEBUG_INFO = NO;
				MTL_FAST_MATH = YES;
				SDKROOT = iphoneos;
				SWIFT_COMPILATION_MODE = wholemodule;
				VALIDATE_PRODUCT = YES;
			};
			name = Release;
		};
		02EF07352B72BF47009EADB3 /* Debug */ = {
			isa = XCBuildConfiguration;
			buildSettings = {
				ASSETCATALOG_COMPILER_APPICON_NAME = AppIcon;
				ASSETCATALOG_COMPILER_GLOBAL_ACCENT_COLOR_NAME = AccentColor;
				CODE_SIGN_STYLE = Automatic;
				CURRENT_PROJECT_VERSION = 1;
				DEVELOPMENT_ASSET_PATHS = "\"Homecare-Front/Preview Content\"";
				DEVELOPMENT_TEAM = 9BY9RQP8PP;
				ENABLE_PREVIEWS = YES;
				GENERATE_INFOPLIST_FILE = YES;
				INFOPLIST_KEY_CFBundleDisplayName = Homecare;
				INFOPLIST_KEY_LSApplicationCategoryType = "public.app-category.lifestyle";
				INFOPLIST_KEY_UIApplicationSceneManifest_Generation = YES;
				INFOPLIST_KEY_UIApplicationSupportsIndirectInputEvents = YES;
				INFOPLIST_KEY_UILaunchScreen_Generation = YES;
				INFOPLIST_KEY_UISupportedInterfaceOrientations_iPad = "UIInterfaceOrientationPortrait UIInterfaceOrientationPortraitUpsideDown UIInterfaceOrientationLandscapeLeft UIInterfaceOrientationLandscapeRight";
				INFOPLIST_KEY_UISupportedInterfaceOrientations_iPhone = "UIInterfaceOrientationPortrait UIInterfaceOrientationLandscapeLeft UIInterfaceOrientationLandscapeRight";
				LD_RUNPATH_SEARCH_PATHS = (
					"$(inherited)",
					"@executable_path/Frameworks",
				);
				MARKETING_VERSION = 1.0;
				PRODUCT_BUNDLE_IDENTIFIER = "eubgt.Homecare-Front";
				PRODUCT_NAME = "$(TARGET_NAME)";
				SUPPORTED_PLATFORMS = "iphoneos iphonesimulator";
				SUPPORTS_MACCATALYST = NO;
				SUPPORTS_MAC_DESIGNED_FOR_IPHONE_IPAD = NO;
				SUPPORTS_XR_DESIGNED_FOR_IPHONE_IPAD = NO;
				SWIFT_EMIT_LOC_STRINGS = YES;
				SWIFT_VERSION = 5.0;
				TARGETED_DEVICE_FAMILY = "1,2";
			};
			name = Debug;
		};
		02EF07362B72BF47009EADB3 /* Release */ = {
			isa = XCBuildConfiguration;
			buildSettings = {
				ASSETCATALOG_COMPILER_APPICON_NAME = AppIcon;
				ASSETCATALOG_COMPILER_GLOBAL_ACCENT_COLOR_NAME = AccentColor;
				CODE_SIGN_STYLE = Automatic;
				CURRENT_PROJECT_VERSION = 1;
				DEVELOPMENT_ASSET_PATHS = "\"Homecare-Front/Preview Content\"";
				DEVELOPMENT_TEAM = 9BY9RQP8PP;
				ENABLE_PREVIEWS = YES;
				GENERATE_INFOPLIST_FILE = YES;
				INFOPLIST_KEY_CFBundleDisplayName = Homecare;
				INFOPLIST_KEY_LSApplicationCategoryType = "public.app-category.lifestyle";
				INFOPLIST_KEY_UIApplicationSceneManifest_Generation = YES;
				INFOPLIST_KEY_UIApplicationSupportsIndirectInputEvents = YES;
				INFOPLIST_KEY_UILaunchScreen_Generation = YES;
				INFOPLIST_KEY_UISupportedInterfaceOrientations_iPad = "UIInterfaceOrientationPortrait UIInterfaceOrientationPortraitUpsideDown UIInterfaceOrientationLandscapeLeft UIInterfaceOrientationLandscapeRight";
				INFOPLIST_KEY_UISupportedInterfaceOrientations_iPhone = "UIInterfaceOrientationPortrait UIInterfaceOrientationLandscapeLeft UIInterfaceOrientationLandscapeRight";
				LD_RUNPATH_SEARCH_PATHS = (
					"$(inherited)",
					"@executable_path/Frameworks",
				);
				MARKETING_VERSION = 1.0;
				PRODUCT_BUNDLE_IDENTIFIER = "eubgt.Homecare-Front";
				PRODUCT_NAME = "$(TARGET_NAME)";
				SUPPORTED_PLATFORMS = "iphoneos iphonesimulator";
				SUPPORTS_MACCATALYST = NO;
				SUPPORTS_MAC_DESIGNED_FOR_IPHONE_IPAD = NO;
				SUPPORTS_XR_DESIGNED_FOR_IPHONE_IPAD = NO;
				SWIFT_EMIT_LOC_STRINGS = YES;
				SWIFT_VERSION = 5.0;
				TARGETED_DEVICE_FAMILY = "1,2";
			};
			name = Release;
		};
		02EF07382B72BF47009EADB3 /* Debug */ = {
			isa = XCBuildConfiguration;
			buildSettings = {
				ALWAYS_EMBED_SWIFT_STANDARD_LIBRARIES = YES;
				BUNDLE_LOADER = "$(TEST_HOST)";
				CODE_SIGN_STYLE = Automatic;
				CURRENT_PROJECT_VERSION = 1;
				DEVELOPMENT_TEAM = 9BXKXXQVPN;
				GENERATE_INFOPLIST_FILE = YES;
				IPHONEOS_DEPLOYMENT_TARGET = 17.2;
				MARKETING_VERSION = 1.0;
				PRODUCT_BUNDLE_IDENTIFIER = "eubgt.Homecare-FrontTests";
				PRODUCT_NAME = "$(TARGET_NAME)";
				SWIFT_EMIT_LOC_STRINGS = NO;
				SWIFT_VERSION = 5.0;
				TARGETED_DEVICE_FAMILY = "1,2";
				TEST_HOST = "$(BUILT_PRODUCTS_DIR)/Homecare-Front.app/$(BUNDLE_EXECUTABLE_FOLDER_PATH)/Homecare-Front";
			};
			name = Debug;
		};
		02EF07392B72BF47009EADB3 /* Release */ = {
			isa = XCBuildConfiguration;
			buildSettings = {
				ALWAYS_EMBED_SWIFT_STANDARD_LIBRARIES = YES;
				BUNDLE_LOADER = "$(TEST_HOST)";
				CODE_SIGN_STYLE = Automatic;
				CURRENT_PROJECT_VERSION = 1;
				DEVELOPMENT_TEAM = 9BXKXXQVPN;
				GENERATE_INFOPLIST_FILE = YES;
				IPHONEOS_DEPLOYMENT_TARGET = 17.2;
				MARKETING_VERSION = 1.0;
				PRODUCT_BUNDLE_IDENTIFIER = "eubgt.Homecare-FrontTests";
				PRODUCT_NAME = "$(TARGET_NAME)";
				SWIFT_EMIT_LOC_STRINGS = NO;
				SWIFT_VERSION = 5.0;
				TARGETED_DEVICE_FAMILY = "1,2";
				TEST_HOST = "$(BUILT_PRODUCTS_DIR)/Homecare-Front.app/$(BUNDLE_EXECUTABLE_FOLDER_PATH)/Homecare-Front";
			};
			name = Release;
		};
		02EF073B2B72BF47009EADB3 /* Debug */ = {
			isa = XCBuildConfiguration;
			buildSettings = {
				ALWAYS_EMBED_SWIFT_STANDARD_LIBRARIES = YES;
				CODE_SIGN_STYLE = Automatic;
				CURRENT_PROJECT_VERSION = 1;
				DEVELOPMENT_TEAM = 9BXKXXQVPN;
				GENERATE_INFOPLIST_FILE = YES;
				MARKETING_VERSION = 1.0;
				PRODUCT_BUNDLE_IDENTIFIER = "eubgt.Homecare-FrontUITests";
				PRODUCT_NAME = "$(TARGET_NAME)";
				SWIFT_EMIT_LOC_STRINGS = NO;
				SWIFT_VERSION = 5.0;
				TARGETED_DEVICE_FAMILY = "1,2";
				TEST_TARGET_NAME = "Homecare-Front";
			};
			name = Debug;
		};
		02EF073C2B72BF47009EADB3 /* Release */ = {
			isa = XCBuildConfiguration;
			buildSettings = {
				ALWAYS_EMBED_SWIFT_STANDARD_LIBRARIES = YES;
				CODE_SIGN_STYLE = Automatic;
				CURRENT_PROJECT_VERSION = 1;
				DEVELOPMENT_TEAM = 9BXKXXQVPN;
				GENERATE_INFOPLIST_FILE = YES;
				MARKETING_VERSION = 1.0;
				PRODUCT_BUNDLE_IDENTIFIER = "eubgt.Homecare-FrontUITests";
				PRODUCT_NAME = "$(TARGET_NAME)";
				SWIFT_EMIT_LOC_STRINGS = NO;
				SWIFT_VERSION = 5.0;
				TARGETED_DEVICE_FAMILY = "1,2";
				TEST_TARGET_NAME = "Homecare-Front";
			};
			name = Release;
		};
/* End XCBuildConfiguration section */

/* Begin XCConfigurationList section */
		02EF070B2B72BF43009EADB3 /* Build configuration list for PBXProject "Homecare-Front" */ = {
			isa = XCConfigurationList;
			buildConfigurations = (
				02EF07322B72BF47009EADB3 /* Debug */,
				02EF07332B72BF47009EADB3 /* Release */,
			);
			defaultConfigurationIsVisible = 0;
			defaultConfigurationName = Release;
		};
		02EF07342B72BF47009EADB3 /* Build configuration list for PBXNativeTarget "Homecare-Front" */ = {
			isa = XCConfigurationList;
			buildConfigurations = (
				02EF07352B72BF47009EADB3 /* Debug */,
				02EF07362B72BF47009EADB3 /* Release */,
			);
			defaultConfigurationIsVisible = 0;
			defaultConfigurationName = Release;
		};
		02EF07372B72BF47009EADB3 /* Build configuration list for PBXNativeTarget "Homecare-FrontTests" */ = {
			isa = XCConfigurationList;
			buildConfigurations = (
				02EF07382B72BF47009EADB3 /* Debug */,
				02EF07392B72BF47009EADB3 /* Release */,
			);
			defaultConfigurationIsVisible = 0;
			defaultConfigurationName = Release;
		};
		02EF073A2B72BF47009EADB3 /* Build configuration list for PBXNativeTarget "Homecare-FrontUITests" */ = {
			isa = XCConfigurationList;
			buildConfigurations = (
				02EF073B2B72BF47009EADB3 /* Debug */,
				02EF073C2B72BF47009EADB3 /* Release */,
			);
			defaultConfigurationIsVisible = 0;
			defaultConfigurationName = Release;
		};
/* End XCConfigurationList section */
	};
	rootObject = 02EF07082B72BF43009EADB3 /* Project object */;
}
