// !$*UTF8*$!
{
	archiveVersion = 1;
	classes = {
	};
	objectVersion = 56;
	objects = {

/* Begin PBXBuildFile section */
		020759302B77E7E60032D3B1 /* SmarstStackView.swift in Sources */ = {isa = PBXBuildFile; fileRef = 0207592F2B77E7E60032D3B1 /* SmarstStackView.swift */; };
		026975C72B77433200CFB9C7 /* DataStructures.swift in Sources */ = {isa = PBXBuildFile; fileRef = 026975C62B77433100CFB9C7 /* DataStructures.swift */; };
		026975C92B7770BB00CFB9C7 /* SuggestionsCardView.swift in Sources */ = {isa = PBXBuildFile; fileRef = 026975C82B7770BB00CFB9C7 /* SuggestionsCardView.swift */; };
		02EF07162B72BF43009EADB3 /* HomeView.swift in Sources */ = {isa = PBXBuildFile; fileRef = 02EF07152B72BF43009EADB3 /* HomeView.swift */; };
		02EF07182B72BF47009EADB3 /* Assets.xcassets in Resources */ = {isa = PBXBuildFile; fileRef = 02EF07172B72BF47009EADB3 /* Assets.xcassets */; };
		02EF071B2B72BF47009EADB3 /* Preview Assets.xcassets in Resources */ = {isa = PBXBuildFile; fileRef = 02EF071A2B72BF47009EADB3 /* Preview Assets.xcassets */; };
		165AC0BB2B78177100271E91 /* addToRoomsView.swift in Sources */ = {isa = PBXBuildFile; fileRef = 165AC0BA2B78177100271E91 /* addToRoomsView.swift */; };
		483FDDC32B76DC6400B316B2 /* analyzeImage.swift in Sources */ = {isa = PBXBuildFile; fileRef = 483FDDC22B76DC6400B316B2 /* analyzeImage.swift */; };
		483FDDC72B77162800B316B2 /* ElectroDomesticCV.mlmodel in Sources */ = {isa = PBXBuildFile; fileRef = 483FDDC62B77162800B316B2 /* ElectroDomesticCV.mlmodel */; };
		48B31E4C2B76C66C00BC52FE /* Alamofire in Frameworks */ = {isa = PBXBuildFile; productRef = 48B31E4B2B76C66C00BC52FE /* Alamofire */; };
		48B31E4E2B76C71E00BC52FE /* NetworkManager.swift in Sources */ = {isa = PBXBuildFile; fileRef = 48B31E4D2B76C71E00BC52FE /* NetworkManager.swift */; };
		48B31E512B76C74B00BC52FE /* KeychainSwift in Frameworks */ = {isa = PBXBuildFile; productRef = 48B31E502B76C74B00BC52FE /* KeychainSwift */; };
		48B31E542B76CAE300BC52FE /* GlobalModel.swift in Sources */ = {isa = PBXBuildFile; fileRef = 48B31E532B76CAE300BC52FE /* GlobalModel.swift */; };
		48C3359E2B754FA10048E770 /* EnergyConsumptionLineChartView.swift in Sources */ = {isa = PBXBuildFile; fileRef = 48C3359D2B754FA10048E770 /* EnergyConsumptionLineChartView.swift */; };
		48C335A12B7550900048E770 /* DGCharts in Frameworks */ = {isa = PBXBuildFile; productRef = 48C335A02B7550900048E770 /* DGCharts */; };
		48C335A82B756E010048E770 /* EnergyConsumptionDashboardView.swift in Sources */ = {isa = PBXBuildFile; fileRef = 48C335A72B756E010048E770 /* EnergyConsumptionDashboardView.swift */; };
		48C335AA2B75ACB60048E770 /* SettingsView.swift in Sources */ = {isa = PBXBuildFile; fileRef = 48C335A92B75ACB60048E770 /* SettingsView.swift */; };
		48C335AD2B75AD4A0048E770 /* RoomListView.swift in Sources */ = {isa = PBXBuildFile; fileRef = 48C335AC2B75AD4A0048E770 /* RoomListView.swift */; };
		48C335AF2B75AD740048E770 /* CFEOCRView.swift in Sources */ = {isa = PBXBuildFile; fileRef = 48C335AE2B75AD740048E770 /* CFEOCRView.swift */; };
		48D2ABAF2B75C82300C00D2D /* UploadPhotoView.swift in Sources */ = {isa = PBXBuildFile; fileRef = 48D2ABAE2B75C82300C00D2D /* UploadPhotoView.swift */; };
		48D2ABB22B75C8CF00C00D2D /* photo.lottie in Resources */ = {isa = PBXBuildFile; fileRef = 48D2ABB12B75C8CF00C00D2D /* photo.lottie */; };
		48D2ABEA2B75CAB700C00D2D /* Lottie in Frameworks */ = {isa = PBXBuildFile; productRef = 48D2ABE92B75CAB700C00D2D /* Lottie */; };
		48D2ABEC2B75CB1D00C00D2D /* LottieView.swift in Sources */ = {isa = PBXBuildFile; fileRef = 48D2ABEB2B75CB1D00C00D2D /* LottieView.swift */; };
		48E7DEFD2B72FBF100A6767A /* ImagePicker.swift in Sources */ = {isa = PBXBuildFile; fileRef = 48E7DEFC2B72FBF100A6767A /* ImagePicker.swift */; };
		48E7DEFF2B72FC2100A6767A /* ZoomableScrollView.swift in Sources */ = {isa = PBXBuildFile; fileRef = 48E7DEFE2B72FC2100A6767A /* ZoomableScrollView.swift */; };
		48E7DF072B72FED200A6767A /* MainHomecareApp.swift in Sources */ = {isa = PBXBuildFile; fileRef = 48E7DF062B72FED200A6767A /* MainHomecareApp.swift */; };
		48E7DF092B73015900A6767A /* ToolBar.swift in Sources */ = {isa = PBXBuildFile; fileRef = 48E7DF082B73015900A6767A /* ToolBar.swift */; };
		48F16C952B73274C0034D40F /* EnergyConsumptionPieChartView.swift in Sources */ = {isa = PBXBuildFile; fileRef = 48F16C942B73274C0034D40F /* EnergyConsumptionPieChartView.swift */; };
		48F16C972B7329D60034D40F /* EnergyCardView.swift in Sources */ = {isa = PBXBuildFile; fileRef = 48F16C962B7329D60034D40F /* EnergyCardView.swift */; };
		48F16C992B733E820034D40F /* RoomsCarrouselView.swift in Sources */ = {isa = PBXBuildFile; fileRef = 48F16C982B733E820034D40F /* RoomsCarrouselView.swift */; };
/* End PBXBuildFile section */

/* Begin PBXFileReference section */
		0207592F2B77E7E60032D3B1 /* SmarstStackView.swift */ = {isa = PBXFileReference; lastKnownFileType = sourcecode.swift; path = SmarstStackView.swift; sourceTree = "<group>"; };
		026975C62B77433100CFB9C7 /* DataStructures.swift */ = {isa = PBXFileReference; lastKnownFileType = sourcecode.swift; path = DataStructures.swift; sourceTree = "<group>"; };
		026975C82B7770BB00CFB9C7 /* SuggestionsCardView.swift */ = {isa = PBXFileReference; lastKnownFileType = sourcecode.swift; path = SuggestionsCardView.swift; sourceTree = "<group>"; };
		02EF07102B72BF43009EADB3 /* Homecare-Front.app */ = {isa = PBXFileReference; explicitFileType = wrapper.application; includeInIndex = 0; path = "Homecare-Front.app"; sourceTree = BUILT_PRODUCTS_DIR; };
		02EF07152B72BF43009EADB3 /* HomeView.swift */ = {isa = PBXFileReference; lastKnownFileType = sourcecode.swift; path = HomeView.swift; sourceTree = "<group>"; };
		02EF07172B72BF47009EADB3 /* Assets.xcassets */ = {isa = PBXFileReference; lastKnownFileType = folder.assetcatalog; path = Assets.xcassets; sourceTree = "<group>"; };
		02EF071A2B72BF47009EADB3 /* Preview Assets.xcassets */ = {isa = PBXFileReference; lastKnownFileType = folder.assetcatalog; path = "Preview Assets.xcassets"; sourceTree = "<group>"; };
		02EF07242B72BF47009EADB3 /* Homecare_FrontTests.swift */ = {isa = PBXFileReference; lastKnownFileType = sourcecode.swift; path = Homecare_FrontTests.swift; sourceTree = "<group>"; };
		02EF072E2B72BF47009EADB3 /* Homecare_FrontUITests.swift */ = {isa = PBXFileReference; lastKnownFileType = sourcecode.swift; path = Homecare_FrontUITests.swift; sourceTree = "<group>"; };
		02EF07302B72BF47009EADB3 /* Homecare_FrontUITestsLaunchTests.swift */ = {isa = PBXFileReference; lastKnownFileType = sourcecode.swift; path = Homecare_FrontUITestsLaunchTests.swift; sourceTree = "<group>"; };
		165AC0BA2B78177100271E91 /* addToRoomsView.swift */ = {isa = PBXFileReference; lastKnownFileType = sourcecode.swift; path = addToRoomsView.swift; sourceTree = "<group>"; };
		483FDDC22B76DC6400B316B2 /* analyzeImage.swift */ = {isa = PBXFileReference; lastKnownFileType = sourcecode.swift; path = analyzeImage.swift; sourceTree = "<group>"; };
		483FDDC62B77162800B316B2 /* ElectroDomesticCV.mlmodel */ = {isa = PBXFileReference; lastKnownFileType = file.mlmodel; path = ElectroDomesticCV.mlmodel; sourceTree = "<group>"; };
		487D887A2B7611E9009568AF /* Info.plist */ = {isa = PBXFileReference; lastKnownFileType = text.plist; path = Info.plist; sourceTree = "<group>"; };
		48B31E4D2B76C71E00BC52FE /* NetworkManager.swift */ = {isa = PBXFileReference; lastKnownFileType = sourcecode.swift; path = NetworkManager.swift; sourceTree = SOURCE_ROOT; };
		48B31E532B76CAE300BC52FE /* GlobalModel.swift */ = {isa = PBXFileReference; lastKnownFileType = sourcecode.swift; path = GlobalModel.swift; sourceTree = "<group>"; };
		48C3359D2B754FA10048E770 /* EnergyConsumptionLineChartView.swift */ = {isa = PBXFileReference; lastKnownFileType = sourcecode.swift; path = EnergyConsumptionLineChartView.swift; sourceTree = "<group>"; };
		48C335A72B756E010048E770 /* EnergyConsumptionDashboardView.swift */ = {isa = PBXFileReference; lastKnownFileType = sourcecode.swift; path = EnergyConsumptionDashboardView.swift; sourceTree = "<group>"; };
		48C335A92B75ACB60048E770 /* SettingsView.swift */ = {isa = PBXFileReference; lastKnownFileType = sourcecode.swift; path = SettingsView.swift; sourceTree = "<group>"; };
		48C335AC2B75AD4A0048E770 /* RoomListView.swift */ = {isa = PBXFileReference; lastKnownFileType = sourcecode.swift; path = RoomListView.swift; sourceTree = "<group>"; };
		48C335AE2B75AD740048E770 /* CFEOCRView.swift */ = {isa = PBXFileReference; lastKnownFileType = sourcecode.swift; path = CFEOCRView.swift; sourceTree = "<group>"; };
		48D2ABAE2B75C82300C00D2D /* UploadPhotoView.swift */ = {isa = PBXFileReference; lastKnownFileType = sourcecode.swift; path = UploadPhotoView.swift; sourceTree = "<group>"; };
		48D2ABB12B75C8CF00C00D2D /* photo.lottie */ = {isa = PBXFileReference; lastKnownFileType = file; path = photo.lottie; sourceTree = "<group>"; };
		48D2ABEB2B75CB1D00C00D2D /* LottieView.swift */ = {isa = PBXFileReference; fileEncoding = 4; lastKnownFileType = sourcecode.swift; path = LottieView.swift; sourceTree = "<group>"; };
		48E7DEFC2B72FBF100A6767A /* ImagePicker.swift */ = {isa = PBXFileReference; lastKnownFileType = sourcecode.swift; path = ImagePicker.swift; sourceTree = "<group>"; };
		48E7DEFE2B72FC2100A6767A /* ZoomableScrollView.swift */ = {isa = PBXFileReference; lastKnownFileType = sourcecode.swift; path = ZoomableScrollView.swift; sourceTree = "<group>"; };
		48E7DF062B72FED200A6767A /* MainHomecareApp.swift */ = {isa = PBXFileReference; lastKnownFileType = sourcecode.swift; path = MainHomecareApp.swift; sourceTree = "<group>"; };
		48E7DF082B73015900A6767A /* ToolBar.swift */ = {isa = PBXFileReference; lastKnownFileType = sourcecode.swift; path = ToolBar.swift; sourceTree = "<group>"; };
		48F16C942B73274C0034D40F /* EnergyConsumptionPieChartView.swift */ = {isa = PBXFileReference; lastKnownFileType = sourcecode.swift; path = EnergyConsumptionPieChartView.swift; sourceTree = "<group>"; };
		48F16C962B7329D60034D40F /* EnergyCardView.swift */ = {isa = PBXFileReference; lastKnownFileType = sourcecode.swift; path = EnergyCardView.swift; sourceTree = "<group>"; };
		48F16C982B733E820034D40F /* RoomsCarrouselView.swift */ = {isa = PBXFileReference; lastKnownFileType = sourcecode.swift; path = RoomsCarrouselView.swift; sourceTree = "<group>"; };
/* End PBXFileReference section */

/* Begin PBXFrameworksBuildPhase section */
		02EF070D2B72BF43009EADB3 /* Frameworks */ = {
			isa = PBXFrameworksBuildPhase;
			buildActionMask = 2147483647;
			files = (
				48B31E4C2B76C66C00BC52FE /* Alamofire in Frameworks */,
				48C335A12B7550900048E770 /* DGCharts in Frameworks */,
				48B31E512B76C74B00BC52FE /* KeychainSwift in Frameworks */,
				48D2ABEA2B75CAB700C00D2D /* Lottie in Frameworks */,
			);
			runOnlyForDeploymentPostprocessing = 0;
		};
/* End PBXFrameworksBuildPhase section */

/* Begin PBXGroup section */
		02EF07072B72BF43009EADB3 = {
			isa = PBXGroup;
			children = (
				026975C62B77433100CFB9C7 /* DataStructures.swift */,
				48D2ABB02B75C8CF00C00D2D /* Lottie Files */,
				48E7DF002B72FC5100A6767A /* MLModels */,
				02EF07122B72BF43009EADB3 /* Homecare-Front */,
				02EF07232B72BF47009EADB3 /* Homecare-FrontTests */,
				02EF072D2B72BF47009EADB3 /* Homecare-FrontUITests */,
				02EF07112B72BF43009EADB3 /* Products */,
			);
			sourceTree = "<group>";
		};
		02EF07112B72BF43009EADB3 /* Products */ = {
			isa = PBXGroup;
			children = (
				02EF07102B72BF43009EADB3 /* Homecare-Front.app */,
			);
			name = Products;
			sourceTree = "<group>";
		};
		02EF07122B72BF43009EADB3 /* Homecare-Front */ = {
			isa = PBXGroup;
			children = (
				48B31E522B76CAD400BC52FE /* Models */,
				487D887A2B7611E9009568AF /* Info.plist */,
				48E7DF052B72FD9700A6767A /* Views */,
				48E7DF012B72FC8600A6767A /* Network */,
				02EF07172B72BF47009EADB3 /* Assets.xcassets */,
				02EF07192B72BF47009EADB3 /* Preview Content */,
				48E7DF062B72FED200A6767A /* MainHomecareApp.swift */,
			);
			path = "Homecare-Front";
			sourceTree = "<group>";
		};
		02EF07192B72BF47009EADB3 /* Preview Content */ = {
			isa = PBXGroup;
			children = (
				02EF071A2B72BF47009EADB3 /* Preview Assets.xcassets */,
			);
			path = "Preview Content";
			sourceTree = "<group>";
		};
		02EF07232B72BF47009EADB3 /* Homecare-FrontTests */ = {
			isa = PBXGroup;
			children = (
				02EF07242B72BF47009EADB3 /* Homecare_FrontTests.swift */,
			);
			path = "Homecare-FrontTests";
			sourceTree = "<group>";
		};
		02EF072D2B72BF47009EADB3 /* Homecare-FrontUITests */ = {
			isa = PBXGroup;
			children = (
				02EF072E2B72BF47009EADB3 /* Homecare_FrontUITests.swift */,
				02EF07302B72BF47009EADB3 /* Homecare_FrontUITestsLaunchTests.swift */,
			);
			path = "Homecare-FrontUITests";
			sourceTree = "<group>";
		};
		483FDDC12B76DC5400B316B2 /* Electrodomestics */ = {
			isa = PBXGroup;
			children = (
				483FDDC62B77162800B316B2 /* ElectroDomesticCV.mlmodel */,
				483FDDC22B76DC6400B316B2 /* analyzeImage.swift */,
			);
			path = Electrodomestics;
			sourceTree = "<group>";
		};
		48B31E522B76CAD400BC52FE /* Models */ = {
			isa = PBXGroup;
			children = (
				48B31E532B76CAE300BC52FE /* GlobalModel.swift */,
			);
			path = Models;
			sourceTree = "<group>";
		};
		48C335AB2B75AD3B0048E770 /* Rooms */ = {
			isa = PBXGroup;
			children = (
				48C335AC2B75AD4A0048E770 /* RoomListView.swift */,
			);
			path = Rooms;
			sourceTree = "<group>";
		};
		48D2ABAD2B75C81000C00D2D /* Camera */ = {
			isa = PBXGroup;
			children = (
				48E7DEFC2B72FBF100A6767A /* ImagePicker.swift */,
				48D2ABEB2B75CB1D00C00D2D /* LottieView.swift */,
				48E7DEFE2B72FC2100A6767A /* ZoomableScrollView.swift */,
				48D2ABAE2B75C82300C00D2D /* UploadPhotoView.swift */,
				165AC0BA2B78177100271E91 /* addToRoomsView.swift */,
			);
			path = Camera;
			sourceTree = "<group>";
		};
		48D2ABB02B75C8CF00C00D2D /* Lottie Files */ = {
			isa = PBXGroup;
			children = (
				48D2ABB12B75C8CF00C00D2D /* photo.lottie */,
			);
			path = "Lottie Files";
			sourceTree = "<group>";
		};
		48E7DF002B72FC5100A6767A /* MLModels */ = {
			isa = PBXGroup;
			children = (
				483FDDC12B76DC5400B316B2 /* Electrodomestics */,
				48C335AE2B75AD740048E770 /* CFEOCRView.swift */,
			);
			path = MLModels;
			sourceTree = "<group>";
		};
		48E7DF012B72FC8600A6767A /* Network */ = {
			isa = PBXGroup;
			children = (
				48B31E4D2B76C71E00BC52FE /* NetworkManager.swift */,
			);
			path = Network;
			sourceTree = "<group>";
		};
		48E7DF032B72FD5A00A6767A /* HomeDashboard */ = {
			isa = PBXGroup;
			children = (
				02EF07152B72BF43009EADB3 /* HomeView.swift */,
				48F16C962B7329D60034D40F /* EnergyCardView.swift */,
				48F16C982B733E820034D40F /* RoomsCarrouselView.swift */,
				0207592F2B77E7E60032D3B1 /* SmarstStackView.swift */,
				026975C82B7770BB00CFB9C7 /* SuggestionsCardView.swift */,
			);
			path = HomeDashboard;
			sourceTree = "<group>";
		};
		48E7DF052B72FD9700A6767A /* Views */ = {
			isa = PBXGroup;
			children = (
				48D2ABAD2B75C81000C00D2D /* Camera */,
				48C335AB2B75AD3B0048E770 /* Rooms */,
				48F16C9A2B7548820034D40F /* EnergyConsumption */,
				48E7DF082B73015900A6767A /* ToolBar.swift */,
				48E7DF032B72FD5A00A6767A /* HomeDashboard */,
				48C335A92B75ACB60048E770 /* SettingsView.swift */,
			);
			path = Views;
			sourceTree = "<group>";
		};
		48F16C9A2B7548820034D40F /* EnergyConsumption */ = {
			isa = PBXGroup;
			children = (
				48F16C942B73274C0034D40F /* EnergyConsumptionPieChartView.swift */,
				48C3359D2B754FA10048E770 /* EnergyConsumptionLineChartView.swift */,
				48C335A72B756E010048E770 /* EnergyConsumptionDashboardView.swift */,
			);
			path = EnergyConsumption;
			sourceTree = "<group>";
		};
/* End PBXGroup section */

/* Begin PBXNativeTarget section */
		02EF070F2B72BF43009EADB3 /* Homecare-Front */ = {
			isa = PBXNativeTarget;
			buildConfigurationList = 02EF07342B72BF47009EADB3 /* Build configuration list for PBXNativeTarget "Homecare-Front" */;
			buildPhases = (
				02EF070C2B72BF43009EADB3 /* Sources */,
				02EF070D2B72BF43009EADB3 /* Frameworks */,
				02EF070E2B72BF43009EADB3 /* Resources */,
			);
			buildRules = (
			);
			dependencies = (
			);
			name = "Homecare-Front";
			packageProductDependencies = (
				48C335A02B7550900048E770 /* DGCharts */,
				48D2ABE92B75CAB700C00D2D /* Lottie */,
				48B31E4B2B76C66C00BC52FE /* Alamofire */,
				48B31E502B76C74B00BC52FE /* KeychainSwift */,
			);
			productName = "Homecare-Front";
			productReference = 02EF07102B72BF43009EADB3 /* Homecare-Front.app */;
			productType = "com.apple.product-type.application";
		};
/* End PBXNativeTarget section */

/* Begin PBXProject section */
		02EF07082B72BF43009EADB3 /* Project object */ = {
			isa = PBXProject;
			attributes = {
				BuildIndependentTargetsInParallel = 1;
				LastSwiftUpdateCheck = 1520;
				LastUpgradeCheck = 1520;
				TargetAttributes = {
					02EF070F2B72BF43009EADB3 = {
						CreatedOnToolsVersion = 15.2;
					};
				};
			};
			buildConfigurationList = 02EF070B2B72BF43009EADB3 /* Build configuration list for PBXProject "Homecare-Front" */;
			compatibilityVersion = "Xcode 14.0";
			developmentRegion = en;
			hasScannedForEncodings = 0;
			knownRegions = (
				en,
				Base,
			);
			mainGroup = 02EF07072B72BF43009EADB3;
			packageReferences = (
				48C3359F2B7550900048E770 /* XCRemoteSwiftPackageReference "Charts" */,
				48D2ABE82B75CAB700C00D2D /* XCRemoteSwiftPackageReference "lottie-ios" */,
				48B31E4A2B76C66C00BC52FE /* XCRemoteSwiftPackageReference "Alamofire" */,
				48B31E4F2B76C74B00BC52FE /* XCRemoteSwiftPackageReference "keychain-swift" */,
			);
			productRefGroup = 02EF07112B72BF43009EADB3 /* Products */;
			projectDirPath = "";
			projectRoot = "";
			targets = (
				02EF070F2B72BF43009EADB3 /* Homecare-Front */,
			);
		};
/* End PBXProject section */

/* Begin PBXResourcesBuildPhase section */
		02EF070E2B72BF43009EADB3 /* Resources */ = {
			isa = PBXResourcesBuildPhase;
			buildActionMask = 2147483647;
			files = (
				02EF071B2B72BF47009EADB3 /* Preview Assets.xcassets in Resources */,
				02EF07182B72BF47009EADB3 /* Assets.xcassets in Resources */,
				48D2ABB22B75C8CF00C00D2D /* photo.lottie in Resources */,
			);
			runOnlyForDeploymentPostprocessing = 0;
		};
/* End PBXResourcesBuildPhase section */

/* Begin PBXSourcesBuildPhase section */
		02EF070C2B72BF43009EADB3 /* Sources */ = {
			isa = PBXSourcesBuildPhase;
			buildActionMask = 2147483647;
			files = (
				48F16C952B73274C0034D40F /* EnergyConsumptionPieChartView.swift in Sources */,
				020759302B77E7E60032D3B1 /* SmarstStackView.swift in Sources */,
				026975C72B77433200CFB9C7 /* DataStructures.swift in Sources */,
				48B31E542B76CAE300BC52FE /* GlobalModel.swift in Sources */,
				48E7DEFD2B72FBF100A6767A /* ImagePicker.swift in Sources */,
				48C335A82B756E010048E770 /* EnergyConsumptionDashboardView.swift in Sources */,
				02EF07162B72BF43009EADB3 /* HomeView.swift in Sources */,
				48B31E4E2B76C71E00BC52FE /* NetworkManager.swift in Sources */,
				48F16C972B7329D60034D40F /* EnergyCardView.swift in Sources */,
				48C335AF2B75AD740048E770 /* CFEOCRView.swift in Sources */,
				483FDDC72B77162800B316B2 /* ElectroDomesticCV.mlmodel in Sources */,
				48D2ABEC2B75CB1D00C00D2D /* LottieView.swift in Sources */,
				026975C92B7770BB00CFB9C7 /* SuggestionsCardView.swift in Sources */,
				48E7DF092B73015900A6767A /* ToolBar.swift in Sources */,
				48E7DF072B72FED200A6767A /* MainHomecareApp.swift in Sources */,
				48D2ABAF2B75C82300C00D2D /* UploadPhotoView.swift in Sources */,
				48F16C992B733E820034D40F /* RoomsCarrouselView.swift in Sources */,
				48C335AA2B75ACB60048E770 /* SettingsView.swift in Sources */,
				48E7DEFF2B72FC2100A6767A /* ZoomableScrollView.swift in Sources */,
				165AC0BB2B78177100271E91 /* addToRoomsView.swift in Sources */,
				48C335AD2B75AD4A0048E770 /* RoomListView.swift in Sources */,
				483FDDC32B76DC6400B316B2 /* analyzeImage.swift in Sources */,
				48C3359E2B754FA10048E770 /* EnergyConsumptionLineChartView.swift in Sources */,
			);
			runOnlyForDeploymentPostprocessing = 0;
		};
/* End PBXSourcesBuildPhase section */

/* Begin XCBuildConfiguration section */
		02EF07322B72BF47009EADB3 /* Debug */ = {
			isa = XCBuildConfiguration;
			buildSettings = {
				ALWAYS_SEARCH_USER_PATHS = NO;
				ASSETCATALOG_COMPILER_GENERATE_SWIFT_ASSET_SYMBOL_EXTENSIONS = YES;
				CLANG_ANALYZER_NONNULL = YES;
				CLANG_ANALYZER_NUMBER_OBJECT_CONVERSION = YES_AGGRESSIVE;
				CLANG_CXX_LANGUAGE_STANDARD = "gnu++20";
				CLANG_ENABLE_MODULES = YES;
				CLANG_ENABLE_OBJC_ARC = YES;
				CLANG_ENABLE_OBJC_WEAK = YES;
				CLANG_WARN_BLOCK_CAPTURE_AUTORELEASING = YES;
				CLANG_WARN_BOOL_CONVERSION = YES;
				CLANG_WARN_COMMA = YES;
				CLANG_WARN_CONSTANT_CONVERSION = YES;
				CLANG_WARN_DEPRECATED_OBJC_IMPLEMENTATIONS = YES;
				CLANG_WARN_DIRECT_OBJC_ISA_USAGE = YES_ERROR;
				CLANG_WARN_DOCUMENTATION_COMMENTS = YES;
				CLANG_WARN_EMPTY_BODY = YES;
				CLANG_WARN_ENUM_CONVERSION = YES;
				CLANG_WARN_INFINITE_RECURSION = YES;
				CLANG_WARN_INT_CONVERSION = YES;
				CLANG_WARN_NON_LITERAL_NULL_CONVERSION = YES;
				CLANG_WARN_OBJC_IMPLICIT_RETAIN_SELF = YES;
				CLANG_WARN_OBJC_LITERAL_CONVERSION = YES;
				CLANG_WARN_OBJC_ROOT_CLASS = YES_ERROR;
				CLANG_WARN_QUOTED_INCLUDE_IN_FRAMEWORK_HEADER = YES;
				CLANG_WARN_RANGE_LOOP_ANALYSIS = YES;
				CLANG_WARN_STRICT_PROTOTYPES = YES;
				CLANG_WARN_SUSPICIOUS_MOVE = YES;
				CLANG_WARN_UNGUARDED_AVAILABILITY = YES_AGGRESSIVE;
				CLANG_WARN_UNREACHABLE_CODE = YES;
				CLANG_WARN__DUPLICATE_METHOD_MATCH = YES;
				COPY_PHASE_STRIP = NO;
				DEBUG_INFORMATION_FORMAT = dwarf;
				ENABLE_STRICT_OBJC_MSGSEND = YES;
				ENABLE_TESTABILITY = YES;
				ENABLE_USER_SCRIPT_SANDBOXING = YES;
				GCC_C_LANGUAGE_STANDARD = gnu17;
				GCC_DYNAMIC_NO_PIC = NO;
				GCC_NO_COMMON_BLOCKS = YES;
				GCC_OPTIMIZATION_LEVEL = 0;
				GCC_PREPROCESSOR_DEFINITIONS = (
					"DEBUG=1",
					"$(inherited)",
				);
				GCC_WARN_64_TO_32_BIT_CONVERSION = YES;
				GCC_WARN_ABOUT_RETURN_TYPE = YES_ERROR;
				GCC_WARN_UNDECLARED_SELECTOR = YES;
				GCC_WARN_UNINITIALIZED_AUTOS = YES_AGGRESSIVE;
				GCC_WARN_UNUSED_FUNCTION = YES;
				GCC_WARN_UNUSED_VARIABLE = YES;
				INFOPLIST_KEY_CFBundleDisplayName = "";
				INFOPLIST_KEY_LSApplicationCategoryType = "public.app-category.lifestyle";
				INFOPLIST_KEY_UIApplicationSceneManifest_Generation = YES;
				IPHONEOS_DEPLOYMENT_TARGET = 17.2;
				LOCALIZATION_PREFERS_STRING_CATALOGS = YES;
				MTL_ENABLE_DEBUG_INFO = INCLUDE_SOURCE;
				MTL_FAST_MATH = YES;
				ONLY_ACTIVE_ARCH = YES;
				SDKROOT = iphoneos;
				SWIFT_ACTIVE_COMPILATION_CONDITIONS = "DEBUG $(inherited)";
				SWIFT_OPTIMIZATION_LEVEL = "-Onone";
			};
			name = Debug;
		};
		02EF07332B72BF47009EADB3 /* Release */ = {
			isa = XCBuildConfiguration;
			buildSettings = {
				ALWAYS_SEARCH_USER_PATHS = NO;
				ASSETCATALOG_COMPILER_GENERATE_SWIFT_ASSET_SYMBOL_EXTENSIONS = YES;
				CLANG_ANALYZER_NONNULL = YES;
				CLANG_ANALYZER_NUMBER_OBJECT_CONVERSION = YES_AGGRESSIVE;
				CLANG_CXX_LANGUAGE_STANDARD = "gnu++20";
				CLANG_ENABLE_MODULES = YES;
				CLANG_ENABLE_OBJC_ARC = YES;
				CLANG_ENABLE_OBJC_WEAK = YES;
				CLANG_WARN_BLOCK_CAPTURE_AUTORELEASING = YES;
				CLANG_WARN_BOOL_CONVERSION = YES;
				CLANG_WARN_COMMA = YES;
				CLANG_WARN_CONSTANT_CONVERSION = YES;
				CLANG_WARN_DEPRECATED_OBJC_IMPLEMENTATIONS = YES;
				CLANG_WARN_DIRECT_OBJC_ISA_USAGE = YES_ERROR;
				CLANG_WARN_DOCUMENTATION_COMMENTS = YES;
				CLANG_WARN_EMPTY_BODY = YES;
				CLANG_WARN_ENUM_CONVERSION = YES;
				CLANG_WARN_INFINITE_RECURSION = YES;
				CLANG_WARN_INT_CONVERSION = YES;
				CLANG_WARN_NON_LITERAL_NULL_CONVERSION = YES;
				CLANG_WARN_OBJC_IMPLICIT_RETAIN_SELF = YES;
				CLANG_WARN_OBJC_LITERAL_CONVERSION = YES;
				CLANG_WARN_OBJC_ROOT_CLASS = YES_ERROR;
				CLANG_WARN_QUOTED_INCLUDE_IN_FRAMEWORK_HEADER = YES;
				CLANG_WARN_RANGE_LOOP_ANALYSIS = YES;
				CLANG_WARN_STRICT_PROTOTYPES = YES;
				CLANG_WARN_SUSPICIOUS_MOVE = YES;
				CLANG_WARN_UNGUARDED_AVAILABILITY = YES_AGGRESSIVE;
				CLANG_WARN_UNREACHABLE_CODE = YES;
				CLANG_WARN__DUPLICATE_METHOD_MATCH = YES;
				COPY_PHASE_STRIP = NO;
				DEBUG_INFORMATION_FORMAT = "dwarf-with-dsym";
				ENABLE_NS_ASSERTIONS = NO;
				ENABLE_STRICT_OBJC_MSGSEND = YES;
				ENABLE_USER_SCRIPT_SANDBOXING = YES;
				GCC_C_LANGUAGE_STANDARD = gnu17;
				GCC_NO_COMMON_BLOCKS = YES;
				GCC_WARN_64_TO_32_BIT_CONVERSION = YES;
				GCC_WARN_ABOUT_RETURN_TYPE = YES_ERROR;
				GCC_WARN_UNDECLARED_SELECTOR = YES;
				GCC_WARN_UNINITIALIZED_AUTOS = YES_AGGRESSIVE;
				GCC_WARN_UNUSED_FUNCTION = YES;
				GCC_WARN_UNUSED_VARIABLE = YES;
				INFOPLIST_KEY_CFBundleDisplayName = "";
				INFOPLIST_KEY_LSApplicationCategoryType = "public.app-category.lifestyle";
				INFOPLIST_KEY_UIApplicationSceneManifest_Generation = YES;
				IPHONEOS_DEPLOYMENT_TARGET = 17.2;
				LOCALIZATION_PREFERS_STRING_CATALOGS = YES;
				MTL_ENABLE_DEBUG_INFO = NO;
				MTL_FAST_MATH = YES;
				SDKROOT = iphoneos;
				SWIFT_COMPILATION_MODE = wholemodule;
				VALIDATE_PRODUCT = YES;
			};
			name = Release;
		};
		02EF07352B72BF47009EADB3 /* Debug */ = {
			isa = XCBuildConfiguration;
			buildSettings = {
				ASSETCATALOG_COMPILER_APPICON_NAME = AppIcon;
				ASSETCATALOG_COMPILER_GLOBAL_ACCENT_COLOR_NAME = AccentColor;
				CODE_SIGN_STYLE = Automatic;
				CURRENT_PROJECT_VERSION = 1;
				DEVELOPMENT_ASSET_PATHS = "\"Homecare-Front/Preview Content\"";
				DEVELOPMENT_TEAM = 9BY9RQP8PP;
				ENABLE_PREVIEWS = YES;
				GENERATE_INFOPLIST_FILE = YES;
				INFOPLIST_FILE = "Homecare-Front/Info.plist";
				INFOPLIST_KEY_CFBundleDisplayName = Homecare;
				INFOPLIST_KEY_LSApplicationCategoryType = "public.app-category.lifestyle";
				INFOPLIST_KEY_NSCameraUsageDescription = "";
				INFOPLIST_KEY_UIApplicationSceneManifest_Generation = YES;
				INFOPLIST_KEY_UIApplicationSupportsIndirectInputEvents = YES;
				INFOPLIST_KEY_UILaunchScreen_Generation = YES;
				INFOPLIST_KEY_UISupportedInterfaceOrientations_iPad = "UIInterfaceOrientationPortrait UIInterfaceOrientationPortraitUpsideDown UIInterfaceOrientationLandscapeLeft UIInterfaceOrientationLandscapeRight";
				INFOPLIST_KEY_UISupportedInterfaceOrientations_iPhone = "UIInterfaceOrientationPortrait UIInterfaceOrientationLandscapeLeft UIInterfaceOrientationLandscapeRight";
				LD_RUNPATH_SEARCH_PATHS = (
					"$(inherited)",
					"@executable_path/Frameworks",
				);
				MARKETING_VERSION = 1.0;
				PRODUCT_BUNDLE_IDENTIFIER = "eubgt.Homecare-Front";
				PRODUCT_NAME = "$(TARGET_NAME)";
				SUPPORTED_PLATFORMS = "iphoneos iphonesimulator";
				SUPPORTS_MACCATALYST = NO;
				SUPPORTS_MAC_DESIGNED_FOR_IPHONE_IPAD = NO;
				SUPPORTS_XR_DESIGNED_FOR_IPHONE_IPAD = NO;
				SWIFT_EMIT_LOC_STRINGS = YES;
				SWIFT_VERSION = 5.0;
				TARGETED_DEVICE_FAMILY = "1,2";
			};
			name = Debug;
		};
		02EF07362B72BF47009EADB3 /* Release */ = {
			isa = XCBuildConfiguration;
			buildSettings = {
				ASSETCATALOG_COMPILER_APPICON_NAME = AppIcon;
				ASSETCATALOG_COMPILER_GLOBAL_ACCENT_COLOR_NAME = AccentColor;
				CODE_SIGN_STYLE = Automatic;
				CURRENT_PROJECT_VERSION = 1;
				DEVELOPMENT_ASSET_PATHS = "\"Homecare-Front/Preview Content\"";
				DEVELOPMENT_TEAM = 9BY9RQP8PP;
				ENABLE_PREVIEWS = YES;
				GENERATE_INFOPLIST_FILE = YES;
				INFOPLIST_FILE = "Homecare-Front/Info.plist";
				INFOPLIST_KEY_CFBundleDisplayName = Homecare;
				INFOPLIST_KEY_LSApplicationCategoryType = "public.app-category.lifestyle";
				INFOPLIST_KEY_NSCameraUsageDescription = "";
				INFOPLIST_KEY_UIApplicationSceneManifest_Generation = YES;
				INFOPLIST_KEY_UIApplicationSupportsIndirectInputEvents = YES;
				INFOPLIST_KEY_UILaunchScreen_Generation = YES;
				INFOPLIST_KEY_UISupportedInterfaceOrientations_iPad = "UIInterfaceOrientationPortrait UIInterfaceOrientationPortraitUpsideDown UIInterfaceOrientationLandscapeLeft UIInterfaceOrientationLandscapeRight";
				INFOPLIST_KEY_UISupportedInterfaceOrientations_iPhone = "UIInterfaceOrientationPortrait UIInterfaceOrientationLandscapeLeft UIInterfaceOrientationLandscapeRight";
				LD_RUNPATH_SEARCH_PATHS = (
					"$(inherited)",
					"@executable_path/Frameworks",
				);
				MARKETING_VERSION = 1.0;
				PRODUCT_BUNDLE_IDENTIFIER = "eubgt.Homecare-Front";
				PRODUCT_NAME = "$(TARGET_NAME)";
				SUPPORTED_PLATFORMS = "iphoneos iphonesimulator";
				SUPPORTS_MACCATALYST = NO;
				SUPPORTS_MAC_DESIGNED_FOR_IPHONE_IPAD = NO;
				SUPPORTS_XR_DESIGNED_FOR_IPHONE_IPAD = NO;
				SWIFT_EMIT_LOC_STRINGS = YES;
				SWIFT_VERSION = 5.0;
				TARGETED_DEVICE_FAMILY = "1,2";
			};
			name = Release;
		};
/* End XCBuildConfiguration section */

/* Begin XCConfigurationList section */
		02EF070B2B72BF43009EADB3 /* Build configuration list for PBXProject "Homecare-Front" */ = {
			isa = XCConfigurationList;
			buildConfigurations = (
				02EF07322B72BF47009EADB3 /* Debug */,
				02EF07332B72BF47009EADB3 /* Release */,
			);
			defaultConfigurationIsVisible = 0;
			defaultConfigurationName = Release;
		};
		02EF07342B72BF47009EADB3 /* Build configuration list for PBXNativeTarget "Homecare-Front" */ = {
			isa = XCConfigurationList;
			buildConfigurations = (
				02EF07352B72BF47009EADB3 /* Debug */,
				02EF07362B72BF47009EADB3 /* Release */,
			);
			defaultConfigurationIsVisible = 0;
			defaultConfigurationName = Release;
		};
/* End XCConfigurationList section */

/* Begin XCRemoteSwiftPackageReference section */
		48B31E4A2B76C66C00BC52FE /* XCRemoteSwiftPackageReference "Alamofire" */ = {
			isa = XCRemoteSwiftPackageReference;
			repositoryURL = "https://github.com/Alamofire/Alamofire.git";
			requirement = {
				kind = upToNextMajorVersion;
				minimumVersion = 5.8.1;
			};
		};
		48B31E4F2B76C74B00BC52FE /* XCRemoteSwiftPackageReference "keychain-swift" */ = {
			isa = XCRemoteSwiftPackageReference;
			repositoryURL = "https://github.com/evgenyneu/keychain-swift";
			requirement = {
				kind = upToNextMajorVersion;
				minimumVersion = 21.0.0;
			};
		};
		48C3359F2B7550900048E770 /* XCRemoteSwiftPackageReference "Charts" */ = {
			isa = XCRemoteSwiftPackageReference;
			repositoryURL = "https://github.com/danielgindi/Charts.git";
			requirement = {
				kind = upToNextMajorVersion;
				minimumVersion = 5.0.0;
			};
		};
		48D2ABE82B75CAB700C00D2D /* XCRemoteSwiftPackageReference "lottie-ios" */ = {
			isa = XCRemoteSwiftPackageReference;
			repositoryURL = "https://github.com/airbnb/lottie-ios.git";
			requirement = {
				kind = upToNextMajorVersion;
				minimumVersion = 4.4.0;
			};
		};
/* End XCRemoteSwiftPackageReference section */

/* Begin XCSwiftPackageProductDependency section */
		48B31E4B2B76C66C00BC52FE /* Alamofire */ = {
			isa = XCSwiftPackageProductDependency;
			package = 48B31E4A2B76C66C00BC52FE /* XCRemoteSwiftPackageReference "Alamofire" */;
			productName = Alamofire;
		};
		48B31E502B76C74B00BC52FE /* KeychainSwift */ = {
			isa = XCSwiftPackageProductDependency;
			package = 48B31E4F2B76C74B00BC52FE /* XCRemoteSwiftPackageReference "keychain-swift" */;
			productName = KeychainSwift;
		};
		48C335A02B7550900048E770 /* DGCharts */ = {
			isa = XCSwiftPackageProductDependency;
			package = 48C3359F2B7550900048E770 /* XCRemoteSwiftPackageReference "Charts" */;
			productName = DGCharts;
		};
		48D2ABE92B75CAB700C00D2D /* Lottie */ = {
			isa = XCSwiftPackageProductDependency;
			package = 48D2ABE82B75CAB700C00D2D /* XCRemoteSwiftPackageReference "lottie-ios" */;
			productName = Lottie;
		};
/* End XCSwiftPackageProductDependency section */
	};
	rootObject = 02EF07082B72BF43009EADB3 /* Project object */;
}
